
Microsoft Visual Studio Solution File, Format Version 12.00
# Visual Studio 15
Project("{FAE04EC0-301F-11D3-BF4B-00C04F79EFBC}") = "UnityEngine.TestRunner", "UnityEngine.TestRunner.csproj", "{8622EAC6-152E-4EF3-8A2A-9E6BCF481864}"
EndProject
Project("{FAE04EC0-301F-11D3-BF4B-00C04F79EFBC}") = "UnityEngine.UI", "UnityEngine.UI.csproj", "{15B0CB3B-7654-E5C9-ADEA-4458FADF06EB}"
EndProject
Project("{FAE04EC0-301F-11D3-BF4B-00C04F79EFBC}") = "Unity.VisualScripting.State", "Unity.VisualScripting.State.csproj", "{E7FC7C44-9332-7CAF-FE03-005D2D6EDCD9}"
EndProject
Project("{FAE04EC0-301F-11D3-BF4B-00C04F79EFBC}") = "Unity.VisualScripting.Core", "Unity.VisualScripting.Core.csproj", "{20732FA5-EBEF-0ADB-04A5-0D0DB93EEF27}"
EndProject
Project("{FAE04EC0-301F-11D3-BF4B-00C04F79EFBC}") = "Unity.VisualScripting.Flow", "Unity.VisualScripting.Flow.csproj", "{4D336B7D-53B7-DD9F-95DB-E0F35E02AD79}"
EndProject
Project("{FAE04EC0-301F-11D3-BF4B-00C04F79EFBC}") = "Unity.TextMeshPro", "Unity.TextMeshPro.csproj", "{637EC47C-B5EA-4E9A-F301-68DC1638C89F}"
EndProject
Project("{FAE04EC0-301F-11D3-BF4B-00C04F79EFBC}") = "Unity.Timeline", "Unity.Timeline.csproj", "{38BF4586-56B4-5E1D-1579-A8036B105021}"
EndProject
Project("{FAE04EC0-301F-11D3-BF4B-00C04F79EFBC}") = "Assembly-CSharp", "Assembly-CSharp.csproj", "{78C0E0D7-4C75-34CE-62FD-9537BCBEB5EC}"
EndProject
Project("{FAE04EC0-301F-11D3-BF4B-00C04F79EFBC}") = "Unity.PlasticSCM.Editor", "Unity.PlasticSCM.Editor.csproj", "{AC3251BE-695A-1195-62CA-A31754C29657}"
EndProject
Project("{FAE04EC0-301F-11D3-BF4B-00C04F79EFBC}") = "Unity.VisualScripting.Core.Editor", "Unity.VisualScripting.Core.Editor.csproj", "{B11A1F23-D24A-AF69-F7CE-BF0C09EB9B37}"
EndProject
Project("{FAE04EC0-301F-11D3-BF4B-00C04F79EFBC}") = "Unity.VisualStudio.Editor", "Unity.VisualStudio.Editor.csproj", "{4832AAA2-21FC-5C4D-402F-5BCDEAF3F5AA}"
EndProject
Project("{FAE04EC0-301F-11D3-BF4B-00C04F79EFBC}") = "Unity.Timeline.Editor", "Unity.Timeline.Editor.csproj", "{AB83F9A2-284A-3EC8-1F10-CA050B4BB7DC}"
EndProject
Project("{FAE04EC0-301F-11D3-BF4B-00C04F79EFBC}") = "Unity.VisualScripting.State.Editor", "Unity.VisualScripting.State.Editor.csproj", "{DCE0487D-99D6-C466-055C-D35211C6F8C2}"
EndProject
Project("{FAE04EC0-301F-11D3-BF4B-00C04F79EFBC}") = "Unity.TextMeshPro.Editor", "Unity.TextMeshPro.Editor.csproj", "{E238AFD3-C8FE-4128-370B-693184E1A8CF}"
EndProject
Project("{FAE04EC0-301F-11D3-BF4B-00C04F79EFBC}") = "VSSettingsProvider", "VSSettingsProvider.csproj", "{6BC775BA-2768-7C53-667A-E3130ACF3B79}"
EndProject
Project("{FAE04EC0-301F-11D3-BF4B-00C04F79EFBC}") = "Unity.CollabProxy.Editor", "Unity.CollabProxy.Editor.csproj", "{E6D617D8-B81C-9D9A-0423-A1F0BB2CA366}"
EndProject
Project("{FAE04EC0-301F-11D3-BF4B-00C04F79EFBC}") = "UnityEditor.TestRunner", "UnityEditor.TestRunner.csproj", "{4CD439DC-8CAC-EA40-A2AD-2B87FF9F07BF}"
EndProject
Project("{FAE04EC0-301F-11D3-BF4B-00C04F79EFBC}") = "Unity.VisualScripting.Flow.Editor", "Unity.VisualScripting.Flow.Editor.csproj", "{FDCC2AC3-F993-95F1-EF5B-5366FC0D02C3}"
EndProject
Project("{FAE04EC0-301F-11D3-BF4B-00C04F79EFBC}") = "Unity.Rider.Editor", "Unity.Rider.Editor.csproj", "{DFBCE4F3-256D-CEC0-933B-A45D3E60B97D}"
EndProject
Project("{FAE04EC0-301F-11D3-BF4B-00C04F79EFBC}") = "Unity.VSCode.Editor", "Unity.VSCode.Editor.csproj", "{ECAF392A-9052-8AD2-56B3-C56FA2F84690}"
EndProject
Project("{FAE04EC0-301F-11D3-BF4B-00C04F79EFBC}") = "UnityEditor.UI", "UnityEditor.UI.csproj", "{B3738FE7-F6E3-9F38-6488-A4B1645B8730}"
EndProject
Project("{FAE04EC0-301F-11D3-BF4B-00C04F79EFBC}") = "UnityEngine.TestRunner", "UnityEngine.TestRunner.Player.csproj", "{989FD2C5-8854-6EFE-7397-16C29A07BAFA}"
EndProject
Project("{FAE04EC0-301F-11D3-BF4B-00C04F79EFBC}") = "UnityEngine.UI", "UnityEngine.UI.Player.csproj", "{CFFBB15E-DB9C-2E3F-94A2-7FB0B0C917F4}"
EndProject
Project("{FAE04EC0-301F-11D3-BF4B-00C04F79EFBC}") = "Unity.VisualScripting.State", "Unity.VisualScripting.State.Player.csproj", "{926DF9CA-2C87-AC50-0541-630D92543BA5}"
EndProject
Project("{FAE04EC0-301F-11D3-BF4B-00C04F79EFBC}") = "Unity.VisualScripting.Core", "Unity.VisualScripting.Core.Player.csproj", "{BFF6BDC2-031A-10CB-341D-7293731A71F8}"
EndProject
Project("{FAE04EC0-301F-11D3-BF4B-00C04F79EFBC}") = "Unity.VisualScripting.Flow", "Unity.VisualScripting.Flow.Player.csproj", "{30DF2899-585E-6708-23E0-E5B8779F60CD}"
EndProject
Project("{FAE04EC0-301F-11D3-BF4B-00C04F79EFBC}") = "Unity.TextMeshPro", "Unity.TextMeshPro.Player.csproj", "{893A370E-FFB1-93FB-706A-12341B7D7288}"
EndProject
Project("{FAE04EC0-301F-11D3-BF4B-00C04F79EFBC}") = "Unity.Timeline", "Unity.Timeline.Player.csproj", "{1E9B68D1-9F26-513D-40AE-DC7FBC62BB7B}"
EndProject
Project("{FAE04EC0-301F-11D3-BF4B-00C04F79EFBC}") = "Assembly-CSharp", "Assembly-CSharp.Player.csproj", "{08925B89-B9EA-9B1D-6502-618F3459FC13}"
EndProject
Global
	GlobalSection(SolutionConfigurationPlatforms) = preSolution
		Debug|Any CPU = Debug|Any CPU
		Release|Any CPU = Release|Any CPU
	EndGlobalSection
	GlobalSection(ProjectConfigurationPlatforms) = postSolution
		{8622EAC6-152E-4EF3-8A2A-9E6BCF481864}.Debug|Any CPU.ActiveCfg = Debug|Any CPU
		{8622EAC6-152E-4EF3-8A2A-9E6BCF481864}.Debug|Any CPU.Build.0 = Debug|Any CPU
		{8622EAC6-152E-4EF3-8A2A-9E6BCF481864}.Release|Any CPU.ActiveCfg = Release|Any CPU
		{8622EAC6-152E-4EF3-8A2A-9E6BCF481864}.Release|Any CPU.Build.0 = Release|Any CPU
		{15B0CB3B-7654-E5C9-ADEA-4458FADF06EB}.Debug|Any CPU.ActiveCfg = Debug|Any CPU
		{15B0CB3B-7654-E5C9-ADEA-4458FADF06EB}.Debug|Any CPU.Build.0 = Debug|Any CPU
		{15B0CB3B-7654-E5C9-ADEA-4458FADF06EB}.Release|Any CPU.ActiveCfg = Release|Any CPU
		{15B0CB3B-7654-E5C9-ADEA-4458FADF06EB}.Release|Any CPU.Build.0 = Release|Any CPU
		{E7FC7C44-9332-7CAF-FE03-005D2D6EDCD9}.Debug|Any CPU.ActiveCfg = Debug|Any CPU
		{E7FC7C44-9332-7CAF-FE03-005D2D6EDCD9}.Debug|Any CPU.Build.0 = Debug|Any CPU
		{E7FC7C44-9332-7CAF-FE03-005D2D6EDCD9}.Release|Any CPU.ActiveCfg = Release|Any CPU
		{E7FC7C44-9332-7CAF-FE03-005D2D6EDCD9}.Release|Any CPU.Build.0 = Release|Any CPU
		{20732FA5-EBEF-0ADB-04A5-0D0DB93EEF27}.Debug|Any CPU.ActiveCfg = Debug|Any CPU
		{20732FA5-EBEF-0ADB-04A5-0D0DB93EEF27}.Debug|Any CPU.Build.0 = Debug|Any CPU
		{20732FA5-EBEF-0ADB-04A5-0D0DB93EEF27}.Release|Any CPU.ActiveCfg = Release|Any CPU
		{20732FA5-EBEF-0ADB-04A5-0D0DB93EEF27}.Release|Any CPU.Build.0 = Release|Any CPU
		{4D336B7D-53B7-DD9F-95DB-E0F35E02AD79}.Debug|Any CPU.ActiveCfg = Debug|Any CPU
		{4D336B7D-53B7-DD9F-95DB-E0F35E02AD79}.Debug|Any CPU.Build.0 = Debug|Any CPU
		{4D336B7D-53B7-DD9F-95DB-E0F35E02AD79}.Release|Any CPU.ActiveCfg = Release|Any CPU
		{4D336B7D-53B7-DD9F-95DB-E0F35E02AD79}.Release|Any CPU.Build.0 = Release|Any CPU
		{637EC47C-B5EA-4E9A-F301-68DC1638C89F}.Debug|Any CPU.ActiveCfg = Debug|Any CPU
		{637EC47C-B5EA-4E9A-F301-68DC1638C89F}.Debug|Any CPU.Build.0 = Debug|Any CPU
		{637EC47C-B5EA-4E9A-F301-68DC1638C89F}.Release|Any CPU.ActiveCfg = Release|Any CPU
		{637EC47C-B5EA-4E9A-F301-68DC1638C89F}.Release|Any CPU.Build.0 = Release|Any CPU
		{38BF4586-56B4-5E1D-1579-A8036B105021}.Debug|Any CPU.ActiveCfg = Debug|Any CPU
		{38BF4586-56B4-5E1D-1579-A8036B105021}.Debug|Any CPU.Build.0 = Debug|Any CPU
		{38BF4586-56B4-5E1D-1579-A8036B105021}.Release|Any CPU.ActiveCfg = Release|Any CPU
		{38BF4586-56B4-5E1D-1579-A8036B105021}.Release|Any CPU.Build.0 = Release|Any CPU
		{78C0E0D7-4C75-34CE-62FD-9537BCBEB5EC}.Debug|Any CPU.ActiveCfg = Debug|Any CPU
		{78C0E0D7-4C75-34CE-62FD-9537BCBEB5EC}.Debug|Any CPU.Build.0 = Debug|Any CPU
		{78C0E0D7-4C75-34CE-62FD-9537BCBEB5EC}.Release|Any CPU.ActiveCfg = Release|Any CPU
		{78C0E0D7-4C75-34CE-62FD-9537BCBEB5EC}.Release|Any CPU.Build.0 = Release|Any CPU
		{AC3251BE-695A-1195-62CA-A31754C29657}.Debug|Any CPU.ActiveCfg = Debug|Any CPU
		{AC3251BE-695A-1195-62CA-A31754C29657}.Debug|Any CPU.Build.0 = Debug|Any CPU
		{AC3251BE-695A-1195-62CA-A31754C29657}.Release|Any CPU.ActiveCfg = Release|Any CPU
		{AC3251BE-695A-1195-62CA-A31754C29657}.Release|Any CPU.Build.0 = Release|Any CPU
		{B11A1F23-D24A-AF69-F7CE-BF0C09EB9B37}.Debug|Any CPU.ActiveCfg = Debug|Any CPU
		{B11A1F23-D24A-AF69-F7CE-BF0C09EB9B37}.Debug|Any CPU.Build.0 = Debug|Any CPU
		{B11A1F23-D24A-AF69-F7CE-BF0C09EB9B37}.Release|Any CPU.ActiveCfg = Release|Any CPU
		{B11A1F23-D24A-AF69-F7CE-BF0C09EB9B37}.Release|Any CPU.Build.0 = Release|Any CPU
		{4832AAA2-21FC-5C4D-402F-5BCDEAF3F5AA}.Debug|Any CPU.ActiveCfg = Debug|Any CPU
		{4832AAA2-21FC-5C4D-402F-5BCDEAF3F5AA}.Debug|Any CPU.Build.0 = Debug|Any CPU
		{4832AAA2-21FC-5C4D-402F-5BCDEAF3F5AA}.Release|Any CPU.ActiveCfg = Release|Any CPU
		{4832AAA2-21FC-5C4D-402F-5BCDEAF3F5AA}.Release|Any CPU.Build.0 = Release|Any CPU
		{AB83F9A2-284A-3EC8-1F10-CA050B4BB7DC}.Debug|Any CPU.ActiveCfg = Debug|Any CPU
		{AB83F9A2-284A-3EC8-1F10-CA050B4BB7DC}.Debug|Any CPU.Build.0 = Debug|Any CPU
		{AB83F9A2-284A-3EC8-1F10-CA050B4BB7DC}.Release|Any CPU.ActiveCfg = Release|Any CPU
		{AB83F9A2-284A-3EC8-1F10-CA050B4BB7DC}.Release|Any CPU.Build.0 = Release|Any CPU
		{DCE0487D-99D6-C466-055C-D35211C6F8C2}.Debug|Any CPU.ActiveCfg = Debug|Any CPU
		{DCE0487D-99D6-C466-055C-D35211C6F8C2}.Debug|Any CPU.Build.0 = Debug|Any CPU
		{DCE0487D-99D6-C466-055C-D35211C6F8C2}.Release|Any CPU.ActiveCfg = Release|Any CPU
		{DCE0487D-99D6-C466-055C-D35211C6F8C2}.Release|Any CPU.Build.0 = Release|Any CPU
		{E238AFD3-C8FE-4128-370B-693184E1A8CF}.Debug|Any CPU.ActiveCfg = Debug|Any CPU
		{E238AFD3-C8FE-4128-370B-693184E1A8CF}.Debug|Any CPU.Build.0 = Debug|Any CPU
		{E238AFD3-C8FE-4128-370B-693184E1A8CF}.Release|Any CPU.ActiveCfg = Release|Any CPU
		{E238AFD3-C8FE-4128-370B-693184E1A8CF}.Release|Any CPU.Build.0 = Release|Any CPU
		{6BC775BA-2768-7C53-667A-E3130ACF3B79}.Debug|Any CPU.ActiveCfg = Debug|Any CPU
		{6BC775BA-2768-7C53-667A-E3130ACF3B79}.Debug|Any CPU.Build.0 = Debug|Any CPU
		{6BC775BA-2768-7C53-667A-E3130ACF3B79}.Release|Any CPU.ActiveCfg = Release|Any CPU
		{6BC775BA-2768-7C53-667A-E3130ACF3B79}.Release|Any CPU.Build.0 = Release|Any CPU
		{E6D617D8-B81C-9D9A-0423-A1F0BB2CA366}.Debug|Any CPU.ActiveCfg = Debug|Any CPU
		{E6D617D8-B81C-9D9A-0423-A1F0BB2CA366}.Debug|Any CPU.Build.0 = Debug|Any CPU
		{E6D617D8-B81C-9D9A-0423-A1F0BB2CA366}.Release|Any CPU.ActiveCfg = Release|Any CPU
		{E6D617D8-B81C-9D9A-0423-A1F0BB2CA366}.Release|Any CPU.Build.0 = Release|Any CPU
		{4CD439DC-8CAC-EA40-A2AD-2B87FF9F07BF}.Debug|Any CPU.ActiveCfg = Debug|Any CPU
		{4CD439DC-8CAC-EA40-A2AD-2B87FF9F07BF}.Debug|Any CPU.Build.0 = Debug|Any CPU
		{4CD439DC-8CAC-EA40-A2AD-2B87FF9F07BF}.Release|Any CPU.ActiveCfg = Release|Any CPU
		{4CD439DC-8CAC-EA40-A2AD-2B87FF9F07BF}.Release|Any CPU.Build.0 = Release|Any CPU
		{FDCC2AC3-F993-95F1-EF5B-5366FC0D02C3}.Debug|Any CPU.ActiveCfg = Debug|Any CPU
		{FDCC2AC3-F993-95F1-EF5B-5366FC0D02C3}.Debug|Any CPU.Build.0 = Debug|Any CPU
		{FDCC2AC3-F993-95F1-EF5B-5366FC0D02C3}.Release|Any CPU.ActiveCfg = Release|Any CPU
		{FDCC2AC3-F993-95F1-EF5B-5366FC0D02C3}.Release|Any CPU.Build.0 = Release|Any CPU
		{DFBCE4F3-256D-CEC0-933B-A45D3E60B97D}.Debug|Any CPU.ActiveCfg = Debug|Any CPU
		{DFBCE4F3-256D-CEC0-933B-A45D3E60B97D}.Debug|Any CPU.Build.0 = Debug|Any CPU
		{DFBCE4F3-256D-CEC0-933B-A45D3E60B97D}.Release|Any CPU.ActiveCfg = Release|Any CPU
		{DFBCE4F3-256D-CEC0-933B-A45D3E60B97D}.Release|Any CPU.Build.0 = Release|Any CPU
		{ECAF392A-9052-8AD2-56B3-C56FA2F84690}.Debug|Any CPU.ActiveCfg = Debug|Any CPU
		{ECAF392A-9052-8AD2-56B3-C56FA2F84690}.Debug|Any CPU.Build.0 = Debug|Any CPU
		{ECAF392A-9052-8AD2-56B3-C56FA2F84690}.Release|Any CPU.ActiveCfg = Release|Any CPU
		{ECAF392A-9052-8AD2-56B3-C56FA2F84690}.Release|Any CPU.Build.0 = Release|Any CPU
		{B3738FE7-F6E3-9F38-6488-A4B1645B8730}.Debug|Any CPU.ActiveCfg = Debug|Any CPU
		{B3738FE7-F6E3-9F38-6488-A4B1645B8730}.Debug|Any CPU.Build.0 = Debug|Any CPU
		{B3738FE7-F6E3-9F38-6488-A4B1645B8730}.Release|Any CPU.ActiveCfg = Release|Any CPU
		{B3738FE7-F6E3-9F38-6488-A4B1645B8730}.Release|Any CPU.Build.0 = Release|Any CPU
		{989FD2C5-8854-6EFE-7397-16C29A07BAFA}.Debug|Any CPU.ActiveCfg = Debug|Any CPU
		{989FD2C5-8854-6EFE-7397-16C29A07BAFA}.Debug|Any CPU.Build.0 = Debug|Any CPU
		{989FD2C5-8854-6EFE-7397-16C29A07BAFA}.Release|Any CPU.ActiveCfg = Release|Any CPU
		{989FD2C5-8854-6EFE-7397-16C29A07BAFA}.Release|Any CPU.Build.0 = Release|Any CPU
		{CFFBB15E-DB9C-2E3F-94A2-7FB0B0C917F4}.Debug|Any CPU.ActiveCfg = Debug|Any CPU
		{CFFBB15E-DB9C-2E3F-94A2-7FB0B0C917F4}.Debug|Any CPU.Build.0 = Debug|Any CPU
		{CFFBB15E-DB9C-2E3F-94A2-7FB0B0C917F4}.Release|Any CPU.ActiveCfg = Release|Any CPU
		{CFFBB15E-DB9C-2E3F-94A2-7FB0B0C917F4}.Release|Any CPU.Build.0 = Release|Any CPU
		{926DF9CA-2C87-AC50-0541-630D92543BA5}.Debug|Any CPU.ActiveCfg = Debug|Any CPU
		{926DF9CA-2C87-AC50-0541-630D92543BA5}.Debug|Any CPU.Build.0 = Debug|Any CPU
		{926DF9CA-2C87-AC50-0541-630D92543BA5}.Release|Any CPU.ActiveCfg = Release|Any CPU
		{926DF9CA-2C87-AC50-0541-630D92543BA5}.Release|Any CPU.Build.0 = Release|Any CPU
		{BFF6BDC2-031A-10CB-341D-7293731A71F8}.Debug|Any CPU.ActiveCfg = Debug|Any CPU
		{BFF6BDC2-031A-10CB-341D-7293731A71F8}.Debug|Any CPU.Build.0 = Debug|Any CPU
		{BFF6BDC2-031A-10CB-341D-7293731A71F8}.Release|Any CPU.ActiveCfg = Release|Any CPU
		{BFF6BDC2-031A-10CB-341D-7293731A71F8}.Release|Any CPU.Build.0 = Release|Any CPU
		{30DF2899-585E-6708-23E0-E5B8779F60CD}.Debug|Any CPU.ActiveCfg = Debug|Any CPU
		{30DF2899-585E-6708-23E0-E5B8779F60CD}.Debug|Any CPU.Build.0 = Debug|Any CPU
		{30DF2899-585E-6708-23E0-E5B8779F60CD}.Release|Any CPU.ActiveCfg = Release|Any CPU
		{30DF2899-585E-6708-23E0-E5B8779F60CD}.Release|Any CPU.Build.0 = Release|Any CPU
		{893A370E-FFB1-93FB-706A-12341B7D7288}.Debug|Any CPU.ActiveCfg = Debug|Any CPU
		{893A370E-FFB1-93FB-706A-12341B7D7288}.Debug|Any CPU.Build.0 = Debug|Any CPU
		{893A370E-FFB1-93FB-706A-12341B7D7288}.Release|Any CPU.ActiveCfg = Release|Any CPU
		{893A370E-FFB1-93FB-706A-12341B7D7288}.Release|Any CPU.Build.0 = Release|Any CPU
		{1E9B68D1-9F26-513D-40AE-DC7FBC62BB7B}.Debug|Any CPU.ActiveCfg = Debug|Any CPU
		{1E9B68D1-9F26-513D-40AE-DC7FBC62BB7B}.Debug|Any CPU.Build.0 = Debug|Any CPU
		{1E9B68D1-9F26-513D-40AE-DC7FBC62BB7B}.Release|Any CPU.ActiveCfg = Release|Any CPU
		{1E9B68D1-9F26-513D-40AE-DC7FBC62BB7B}.Release|Any CPU.Build.0 = Release|Any CPU
		{08925B89-B9EA-9B1D-6502-618F3459FC13}.Debug|Any CPU.ActiveCfg = Debug|Any CPU
		{08925B89-B9EA-9B1D-6502-618F3459FC13}.Debug|Any CPU.Build.0 = Debug|Any CPU
		{08925B89-B9EA-9B1D-6502-618F3459FC13}.Release|Any CPU.ActiveCfg = Release|Any CPU
		{08925B89-B9EA-9B1D-6502-618F3459FC13}.Release|Any CPU.Build.0 = Release|Any CPU
	EndGlobalSection
	GlobalSection(SolutionProperties) = preSolution
		HideSolutionNode = FALSE
	EndGlobalSection
EndGlobal
